
Microsoft Visual Studio Solution File, Format Version 12.00
# Visual Studio Version 17
VisualStudioVersion = 17.4.33205.214
MinimumVisualStudioVersion = 10.0.40219.1
Project("{FAE04EC0-301F-11D3-BF4B-00C04F79EFBC}") = "Map", "Map\Map.csproj", "{51B4461F-B493-49F0-8DFB-B8479E35AA58}"
EndProject
Global
	GlobalSection(SolutionConfigurationPlatforms) = preSolution
		Debug|Any CPU = Debug|Any CPU
		Release|Any CPU = Release|Any CPU
	EndGlobalSection
	GlobalSection(ProjectConfigurationPlatforms) = postSolution
		{51B4461F-B493-49F0-8DFB-B8479E35AA58}.Debug|Any CPU.ActiveCfg = Debug|Any CPU
		{51B4461F-B493-49F0-8DFB-B8479E35AA58}.Debug|Any CPU.Build.0 = Debug|Any CPU
		{51B4461F-B493-49F0-8DFB-B8479E35AA58}.Release|Any CPU.ActiveCfg = Release|Any CPU
		{51B4461F-B493-49F0-8DFB-B8479E35AA58}.Release|Any CPU.Build.0 = Release|Any CPU
	EndGlobalSection
	GlobalSection(SolutionProperties) = preSolution
		HideSolutionNode = FALSE
	EndGlobalSection
	GlobalSection(ExtensibilityGlobals) = postSolution
		SolutionGuid = {793CB22B-5D95-49BD-AF65-B28864EA9FE3}
	EndGlobalSection
EndGlobal
